
Microsoft Visual Studio Solution File, Format Version 12.00
# Visual Studio 2012
Project("{FAE04EC0-301F-11D3-BF4B-00C04F79EFBC}") = "AlgorytmGenetyczny", "AlgorytmGenetyczny\AlgorytmGenetyczny.csproj", "{3BC9AD18-3443-4B4B-BA3D-3ED08CDE2B5D}"
EndProject
Global
	GlobalSection(SolutionConfigurationPlatforms) = preSolution
		Debug|Any CPU = Debug|Any CPU
		Release|Any CPU = Release|Any CPU
	EndGlobalSection
	GlobalSection(ProjectConfigurationPlatforms) = postSolution
		{3BC9AD18-3443-4B4B-BA3D-3ED08CDE2B5D}.Debug|Any CPU.ActiveCfg = Debug|Any CPU
		{3BC9AD18-3443-4B4B-BA3D-3ED08CDE2B5D}.Debug|Any CPU.Build.0 = Debug|Any CPU
		{3BC9AD18-3443-4B4B-BA3D-3ED08CDE2B5D}.Release|Any CPU.ActiveCfg = Release|Any CPU
		{3BC9AD18-3443-4B4B-BA3D-3ED08CDE2B5D}.Release|Any CPU.Build.0 = Release|Any CPU
	EndGlobalSection
	GlobalSection(SolutionProperties) = preSolution
		HideSolutionNode = FALSE
	EndGlobalSection
EndGlobal
